// !$*UTF8*$!
{
	archiveVersion = 1;
	classes = {
	};
	objectVersion = 55;
	objects = {

/* Begin PBXBuildFile section */
		065717C2FB0ADDDDC793F406 /* Pods_FlixTests.framework in Frameworks */ = {isa = PBXBuildFile; fileRef = 94D56C5829926EE3D5C2BC13 /* Pods_FlixTests.framework */; };
		7B4BB6CE28DC8E870027AECE /* MovieGridDetailsViewController.swift in Sources */ = {isa = PBXBuildFile; fileRef = 7B4BB6CD28DC8E870027AECE /* MovieGridDetailsViewController.swift */; };
		7B4BB6D028DCAC260027AECE /* TrailerWebViewController.swift in Sources */ = {isa = PBXBuildFile; fileRef = 7B4BB6CF28DCAC260027AECE /* TrailerWebViewController.swift */; };
		7B6F2EAF28DA22B200E7FE4A /* MovieDetailsViewController.swift in Sources */ = {isa = PBXBuildFile; fileRef = 7B6F2EAE28DA22B200E7FE4A /* MovieDetailsViewController.swift */; };
		7B6F2EB128DB809700E7FE4A /* MoviesGridViewController.swift in Sources */ = {isa = PBXBuildFile; fileRef = 7B6F2EB028DB809700E7FE4A /* MoviesGridViewController.swift */; };
		7B6F2EB328DBE5EE00E7FE4A /* MovieGridCell.swift in Sources */ = {isa = PBXBuildFile; fileRef = 7B6F2EB228DBE5EE00E7FE4A /* MovieGridCell.swift */; };
		7BF8DC4028CF0214008471F8 /* AppDelegate.swift in Sources */ = {isa = PBXBuildFile; fileRef = 7BF8DC3F28CF0214008471F8 /* AppDelegate.swift */; };
		7BF8DC4228CF0214008471F8 /* SceneDelegate.swift in Sources */ = {isa = PBXBuildFile; fileRef = 7BF8DC4128CF0214008471F8 /* SceneDelegate.swift */; };
		7BF8DC4428CF0214008471F8 /* ViewController.swift in Sources */ = {isa = PBXBuildFile; fileRef = 7BF8DC4328CF0214008471F8 /* ViewController.swift */; };
		7BF8DC4728CF0214008471F8 /* Main.storyboard in Resources */ = {isa = PBXBuildFile; fileRef = 7BF8DC4528CF0214008471F8 /* Main.storyboard */; };
		7BF8DC4928CF0214008471F8 /* Assets.xcassets in Resources */ = {isa = PBXBuildFile; fileRef = 7BF8DC4828CF0214008471F8 /* Assets.xcassets */; };
		7BF8DC4C28CF0214008471F8 /* LaunchScreen.storyboard in Resources */ = {isa = PBXBuildFile; fileRef = 7BF8DC4A28CF0214008471F8 /* LaunchScreen.storyboard */; };
		7BF8DC5728CF0214008471F8 /* FlixTests.swift in Sources */ = {isa = PBXBuildFile; fileRef = 7BF8DC5628CF0214008471F8 /* FlixTests.swift */; };
		7BF8DC6128CF0214008471F8 /* FlixUITests.swift in Sources */ = {isa = PBXBuildFile; fileRef = 7BF8DC6028CF0214008471F8 /* FlixUITests.swift */; };
		7BF8DC6328CF0214008471F8 /* FlixUITestsLaunchTests.swift in Sources */ = {isa = PBXBuildFile; fileRef = 7BF8DC6228CF0214008471F8 /* FlixUITestsLaunchTests.swift */; };
		7BF8DC7028CF9A38008471F8 /* MoviesViewController.swift in Sources */ = {isa = PBXBuildFile; fileRef = 7BF8DC6F28CF9A38008471F8 /* MoviesViewController.swift */; };
		7BF8DC7228CFC9EA008471F8 /* MovieCell.swift in Sources */ = {isa = PBXBuildFile; fileRef = 7BF8DC7128CFC9EA008471F8 /* MovieCell.swift */; };
		7BF8DC7528CFD3D5008471F8 /* AlamofireImage in Frameworks */ = {isa = PBXBuildFile; productRef = 7BF8DC7428CFD3D5008471F8 /* AlamofireImage */; };
		D03810AB93364FF55CEFFE85 /* Pods_Flix.framework in Frameworks */ = {isa = PBXBuildFile; fileRef = 297C2BAF07B79CCAE80A126F /* Pods_Flix.framework */; };
		F62785E6916DF2029B98ACBD /* Pods_Flix_FlixUITests.framework in Frameworks */ = {isa = PBXBuildFile; fileRef = D7AAD44F24C2241F60EC6473 /* Pods_Flix_FlixUITests.framework */; };
/* End PBXBuildFile section */

/* Begin PBXContainerItemProxy section */
		7BF8DC5328CF0214008471F8 /* PBXContainerItemProxy */ = {
			isa = PBXContainerItemProxy;
			containerPortal = 7BF8DC3428CF0214008471F8 /* Project object */;
			proxyType = 1;
			remoteGlobalIDString = 7BF8DC3B28CF0214008471F8;
			remoteInfo = Flix;
		};
		7BF8DC5D28CF0214008471F8 /* PBXContainerItemProxy */ = {
			isa = PBXContainerItemProxy;
			containerPortal = 7BF8DC3428CF0214008471F8 /* Project object */;
			proxyType = 1;
			remoteGlobalIDString = 7BF8DC3B28CF0214008471F8;
			remoteInfo = Flix;
		};
/* End PBXContainerItemProxy section */

/* Begin PBXFileReference section */
		297C2BAF07B79CCAE80A126F /* Pods_Flix.framework */ = {isa = PBXFileReference; explicitFileType = wrapper.framework; includeInIndex = 0; path = Pods_Flix.framework; sourceTree = BUILT_PRODUCTS_DIR; };
		35008A068F084DF805589398 /* Pods-Flix.debug.xcconfig */ = {isa = PBXFileReference; includeInIndex = 1; lastKnownFileType = text.xcconfig; name = "Pods-Flix.debug.xcconfig"; path = "Target Support Files/Pods-Flix/Pods-Flix.debug.xcconfig"; sourceTree = "<group>"; };
		35AE021DB67312B9EFEE5E2E /* Pods-Flix-FlixUITests.release.xcconfig */ = {isa = PBXFileReference; includeInIndex = 1; lastKnownFileType = text.xcconfig; name = "Pods-Flix-FlixUITests.release.xcconfig"; path = "Target Support Files/Pods-Flix-FlixUITests/Pods-Flix-FlixUITests.release.xcconfig"; sourceTree = "<group>"; };
		680973689A939293301EC548 /* Pods-FlixTests.release.xcconfig */ = {isa = PBXFileReference; includeInIndex = 1; lastKnownFileType = text.xcconfig; name = "Pods-FlixTests.release.xcconfig"; path = "Target Support Files/Pods-FlixTests/Pods-FlixTests.release.xcconfig"; sourceTree = "<group>"; };
		7B4BB6CD28DC8E870027AECE /* MovieGridDetailsViewController.swift */ = {isa = PBXFileReference; lastKnownFileType = sourcecode.swift; path = MovieGridDetailsViewController.swift; sourceTree = "<group>"; };
		7B4BB6CF28DCAC260027AECE /* TrailerWebViewController.swift */ = {isa = PBXFileReference; lastKnownFileType = sourcecode.swift; path = TrailerWebViewController.swift; sourceTree = "<group>"; };
		7B6F2EAE28DA22B200E7FE4A /* MovieDetailsViewController.swift */ = {isa = PBXFileReference; lastKnownFileType = sourcecode.swift; path = MovieDetailsViewController.swift; sourceTree = "<group>"; };
		7B6F2EB028DB809700E7FE4A /* MoviesGridViewController.swift */ = {isa = PBXFileReference; lastKnownFileType = sourcecode.swift; path = MoviesGridViewController.swift; sourceTree = "<group>"; };
		7B6F2EB228DBE5EE00E7FE4A /* MovieGridCell.swift */ = {isa = PBXFileReference; lastKnownFileType = sourcecode.swift; path = MovieGridCell.swift; sourceTree = "<group>"; };
		7BF8DC3C28CF0214008471F8 /* Flix.app */ = {isa = PBXFileReference; explicitFileType = wrapper.application; includeInIndex = 0; path = Flix.app; sourceTree = BUILT_PRODUCTS_DIR; };
		7BF8DC3F28CF0214008471F8 /* AppDelegate.swift */ = {isa = PBXFileReference; lastKnownFileType = sourcecode.swift; path = AppDelegate.swift; sourceTree = "<group>"; };
		7BF8DC4128CF0214008471F8 /* SceneDelegate.swift */ = {isa = PBXFileReference; lastKnownFileType = sourcecode.swift; path = SceneDelegate.swift; sourceTree = "<group>"; };
		7BF8DC4328CF0214008471F8 /* ViewController.swift */ = {isa = PBXFileReference; lastKnownFileType = sourcecode.swift; path = ViewController.swift; sourceTree = "<group>"; };
		7BF8DC4628CF0214008471F8 /* Base */ = {isa = PBXFileReference; lastKnownFileType = file.storyboard; name = Base; path = Base.lproj/Main.storyboard; sourceTree = "<group>"; };
		7BF8DC4828CF0214008471F8 /* Assets.xcassets */ = {isa = PBXFileReference; lastKnownFileType = folder.assetcatalog; path = Assets.xcassets; sourceTree = "<group>"; };
		7BF8DC4B28CF0214008471F8 /* Base */ = {isa = PBXFileReference; lastKnownFileType = file.storyboard; name = Base; path = Base.lproj/LaunchScreen.storyboard; sourceTree = "<group>"; };
		7BF8DC4D28CF0214008471F8 /* Info.plist */ = {isa = PBXFileReference; lastKnownFileType = text.plist.xml; path = Info.plist; sourceTree = "<group>"; };
		7BF8DC5228CF0214008471F8 /* FlixTests.xctest */ = {isa = PBXFileReference; explicitFileType = wrapper.cfbundle; includeInIndex = 0; path = FlixTests.xctest; sourceTree = BUILT_PRODUCTS_DIR; };
		7BF8DC5628CF0214008471F8 /* FlixTests.swift */ = {isa = PBXFileReference; lastKnownFileType = sourcecode.swift; path = FlixTests.swift; sourceTree = "<group>"; };
		7BF8DC5C28CF0214008471F8 /* FlixUITests.xctest */ = {isa = PBXFileReference; explicitFileType = wrapper.cfbundle; includeInIndex = 0; path = FlixUITests.xctest; sourceTree = BUILT_PRODUCTS_DIR; };
		7BF8DC6028CF0214008471F8 /* FlixUITests.swift */ = {isa = PBXFileReference; lastKnownFileType = sourcecode.swift; path = FlixUITests.swift; sourceTree = "<group>"; };
		7BF8DC6228CF0214008471F8 /* FlixUITestsLaunchTests.swift */ = {isa = PBXFileReference; lastKnownFileType = sourcecode.swift; path = FlixUITestsLaunchTests.swift; sourceTree = "<group>"; };
		7BF8DC6F28CF9A38008471F8 /* MoviesViewController.swift */ = {isa = PBXFileReference; lastKnownFileType = sourcecode.swift; path = MoviesViewController.swift; sourceTree = "<group>"; };
		7BF8DC7128CFC9EA008471F8 /* MovieCell.swift */ = {isa = PBXFileReference; lastKnownFileType = sourcecode.swift; path = MovieCell.swift; sourceTree = "<group>"; };
		81F275B3A73FC22A31C6CC18 /* Pods-FlixTests.debug.xcconfig */ = {isa = PBXFileReference; includeInIndex = 1; lastKnownFileType = text.xcconfig; name = "Pods-FlixTests.debug.xcconfig"; path = "Target Support Files/Pods-FlixTests/Pods-FlixTests.debug.xcconfig"; sourceTree = "<group>"; };
		94D56C5829926EE3D5C2BC13 /* Pods_FlixTests.framework */ = {isa = PBXFileReference; explicitFileType = wrapper.framework; includeInIndex = 0; path = Pods_FlixTests.framework; sourceTree = BUILT_PRODUCTS_DIR; };
		B9F3C1125866D363A0532F47 /* Pods-Flix.release.xcconfig */ = {isa = PBXFileReference; includeInIndex = 1; lastKnownFileType = text.xcconfig; name = "Pods-Flix.release.xcconfig"; path = "Target Support Files/Pods-Flix/Pods-Flix.release.xcconfig"; sourceTree = "<group>"; };
		D5C355BB3A5354EC90ED80BC /* Pods-Flix-FlixUITests.debug.xcconfig */ = {isa = PBXFileReference; includeInIndex = 1; lastKnownFileType = text.xcconfig; name = "Pods-Flix-FlixUITests.debug.xcconfig"; path = "Target Support Files/Pods-Flix-FlixUITests/Pods-Flix-FlixUITests.debug.xcconfig"; sourceTree = "<group>"; };
		D7AAD44F24C2241F60EC6473 /* Pods_Flix_FlixUITests.framework */ = {isa = PBXFileReference; explicitFileType = wrapper.framework; includeInIndex = 0; path = Pods_Flix_FlixUITests.framework; sourceTree = BUILT_PRODUCTS_DIR; };
/* End PBXFileReference section */

/* Begin PBXFrameworksBuildPhase section */
		7BF8DC3928CF0214008471F8 /* Frameworks */ = {
			isa = PBXFrameworksBuildPhase;
			buildActionMask = 2147483647;
			files = (
				7BF8DC7528CFD3D5008471F8 /* AlamofireImage in Frameworks */,
				D03810AB93364FF55CEFFE85 /* Pods_Flix.framework in Frameworks */,
			);
			runOnlyForDeploymentPostprocessing = 0;
		};
		7BF8DC4F28CF0214008471F8 /* Frameworks */ = {
			isa = PBXFrameworksBuildPhase;
			buildActionMask = 2147483647;
			files = (
				065717C2FB0ADDDDC793F406 /* Pods_FlixTests.framework in Frameworks */,
			);
			runOnlyForDeploymentPostprocessing = 0;
		};
		7BF8DC5928CF0214008471F8 /* Frameworks */ = {
			isa = PBXFrameworksBuildPhase;
			buildActionMask = 2147483647;
			files = (
				F62785E6916DF2029B98ACBD /* Pods_Flix_FlixUITests.framework in Frameworks */,
			);
			runOnlyForDeploymentPostprocessing = 0;
		};
/* End PBXFrameworksBuildPhase section */

/* Begin PBXGroup section */
		0D0F1705ED5BA547B1809B7B /* Pods */ = {
			isa = PBXGroup;
			children = (
				35008A068F084DF805589398 /* Pods-Flix.debug.xcconfig */,
				B9F3C1125866D363A0532F47 /* Pods-Flix.release.xcconfig */,
				D5C355BB3A5354EC90ED80BC /* Pods-Flix-FlixUITests.debug.xcconfig */,
				35AE021DB67312B9EFEE5E2E /* Pods-Flix-FlixUITests.release.xcconfig */,
				81F275B3A73FC22A31C6CC18 /* Pods-FlixTests.debug.xcconfig */,
				680973689A939293301EC548 /* Pods-FlixTests.release.xcconfig */,
			);
			path = Pods;
			sourceTree = "<group>";
		};
		6170E64C5380B2345D9953B7 /* Frameworks */ = {
			isa = PBXGroup;
			children = (
				297C2BAF07B79CCAE80A126F /* Pods_Flix.framework */,
				D7AAD44F24C2241F60EC6473 /* Pods_Flix_FlixUITests.framework */,
				94D56C5829926EE3D5C2BC13 /* Pods_FlixTests.framework */,
			);
			name = Frameworks;
			sourceTree = "<group>";
		};
		7BF8DC3328CF0214008471F8 = {
			isa = PBXGroup;
			children = (
				7BF8DC3E28CF0214008471F8 /* Flix */,
				7BF8DC5528CF0214008471F8 /* FlixTests */,
				7BF8DC5F28CF0214008471F8 /* FlixUITests */,
				7BF8DC3D28CF0214008471F8 /* Products */,
				0D0F1705ED5BA547B1809B7B /* Pods */,
				6170E64C5380B2345D9953B7 /* Frameworks */,
			);
			sourceTree = "<group>";
		};
		7BF8DC3D28CF0214008471F8 /* Products */ = {
			isa = PBXGroup;
			children = (
				7BF8DC3C28CF0214008471F8 /* Flix.app */,
				7BF8DC5228CF0214008471F8 /* FlixTests.xctest */,
				7BF8DC5C28CF0214008471F8 /* FlixUITests.xctest */,
			);
			name = Products;
			sourceTree = "<group>";
		};
		7BF8DC3E28CF0214008471F8 /* Flix */ = {
			isa = PBXGroup;
			children = (
				7BF8DC3F28CF0214008471F8 /* AppDelegate.swift */,
				7BF8DC4128CF0214008471F8 /* SceneDelegate.swift */,
				7BF8DC4328CF0214008471F8 /* ViewController.swift */,
				7BF8DC4528CF0214008471F8 /* Main.storyboard */,
				7B4BB6CF28DCAC260027AECE /* TrailerWebViewController.swift */,
				7B4BB6CD28DC8E870027AECE /* MovieGridDetailsViewController.swift */,
				7B6F2EB228DBE5EE00E7FE4A /* MovieGridCell.swift */,
				7B6F2EB028DB809700E7FE4A /* MoviesGridViewController.swift */,
				7BF8DC6F28CF9A38008471F8 /* MoviesViewController.swift */,
				7B6F2EAE28DA22B200E7FE4A /* MovieDetailsViewController.swift */,
				7BF8DC4828CF0214008471F8 /* Assets.xcassets */,
				7BF8DC4A28CF0214008471F8 /* LaunchScreen.storyboard */,
				7BF8DC4D28CF0214008471F8 /* Info.plist */,
				7BF8DC7128CFC9EA008471F8 /* MovieCell.swift */,
			);
			path = Flix;
			sourceTree = "<group>";
		};
		7BF8DC5528CF0214008471F8 /* FlixTests */ = {
			isa = PBXGroup;
			children = (
				7BF8DC5628CF0214008471F8 /* FlixTests.swift */,
			);
			path = FlixTests;
			sourceTree = "<group>";
		};
		7BF8DC5F28CF0214008471F8 /* FlixUITests */ = {
			isa = PBXGroup;
			children = (
				7BF8DC6028CF0214008471F8 /* FlixUITests.swift */,
				7BF8DC6228CF0214008471F8 /* FlixUITestsLaunchTests.swift */,
			);
			path = FlixUITests;
			sourceTree = "<group>";
		};
/* End PBXGroup section */

/* Begin PBXNativeTarget section */
		7BF8DC3B28CF0214008471F8 /* Flix */ = {
			isa = PBXNativeTarget;
			buildConfigurationList = 7BF8DC6628CF0214008471F8 /* Build configuration list for PBXNativeTarget "Flix" */;
			buildPhases = (
				4B127DA30C860D1C19341C75 /* [CP] Check Pods Manifest.lock */,
				7BF8DC3828CF0214008471F8 /* Sources */,
				7BF8DC3928CF0214008471F8 /* Frameworks */,
				7BF8DC3A28CF0214008471F8 /* Resources */,
				321EADF9DE9F995BCCDA7213 /* [CP] Embed Pods Frameworks */,
			);
			buildRules = (
			);
			dependencies = (
			);
			name = Flix;
			packageProductDependencies = (
				7BF8DC7428CFD3D5008471F8 /* AlamofireImage */,
			);
			productName = Flix;
			productReference = 7BF8DC3C28CF0214008471F8 /* Flix.app */;
			productType = "com.apple.product-type.application";
		};
		7BF8DC5128CF0214008471F8 /* FlixTests */ = {
			isa = PBXNativeTarget;
			buildConfigurationList = 7BF8DC6928CF0214008471F8 /* Build configuration list for PBXNativeTarget "FlixTests" */;
			buildPhases = (
				287D16CB1174349C69EEE03B /* [CP] Check Pods Manifest.lock */,
				7BF8DC4E28CF0214008471F8 /* Sources */,
				7BF8DC4F28CF0214008471F8 /* Frameworks */,
				7BF8DC5028CF0214008471F8 /* Resources */,
			);
			buildRules = (
			);
			dependencies = (
				7BF8DC5428CF0214008471F8 /* PBXTargetDependency */,
			);
			name = FlixTests;
			productName = FlixTests;
			productReference = 7BF8DC5228CF0214008471F8 /* FlixTests.xctest */;
			productType = "com.apple.product-type.bundle.unit-test";
		};
		7BF8DC5B28CF0214008471F8 /* FlixUITests */ = {
			isa = PBXNativeTarget;
			buildConfigurationList = 7BF8DC6C28CF0214008471F8 /* Build configuration list for PBXNativeTarget "FlixUITests" */;
			buildPhases = (
				ADB2CDBB03730EA6876F3A9C /* [CP] Check Pods Manifest.lock */,
				7BF8DC5828CF0214008471F8 /* Sources */,
				7BF8DC5928CF0214008471F8 /* Frameworks */,
				7BF8DC5A28CF0214008471F8 /* Resources */,
				7FB679B5384194757AF43A2B /* [CP] Embed Pods Frameworks */,
			);
			buildRules = (
			);
			dependencies = (
				7BF8DC5E28CF0214008471F8 /* PBXTargetDependency */,
			);
			name = FlixUITests;
			productName = FlixUITests;
			productReference = 7BF8DC5C28CF0214008471F8 /* FlixUITests.xctest */;
			productType = "com.apple.product-type.bundle.ui-testing";
		};
/* End PBXNativeTarget section */

/* Begin PBXProject section */
		7BF8DC3428CF0214008471F8 /* Project object */ = {
			isa = PBXProject;
			attributes = {
				BuildIndependentTargetsInParallel = 1;
				LastSwiftUpdateCheck = 1340;
				LastUpgradeCheck = 1340;
				TargetAttributes = {
					7BF8DC3B28CF0214008471F8 = {
						CreatedOnToolsVersion = 13.4.1;
					};
					7BF8DC5128CF0214008471F8 = {
						CreatedOnToolsVersion = 13.4.1;
						TestTargetID = 7BF8DC3B28CF0214008471F8;
					};
					7BF8DC5B28CF0214008471F8 = {
						CreatedOnToolsVersion = 13.4.1;
						TestTargetID = 7BF8DC3B28CF0214008471F8;
					};
				};
			};
			buildConfigurationList = 7BF8DC3728CF0214008471F8 /* Build configuration list for PBXProject "Flix" */;
			compatibilityVersion = "Xcode 13.0";
			developmentRegion = en;
			hasScannedForEncodings = 0;
			knownRegions = (
				en,
				Base,
			);
			mainGroup = 7BF8DC3328CF0214008471F8;
			packageReferences = (
				7BF8DC7328CFD3D5008471F8 /* XCRemoteSwiftPackageReference "AlamofireImage" */,
			);
			productRefGroup = 7BF8DC3D28CF0214008471F8 /* Products */;
			projectDirPath = "";
			projectRoot = "";
			targets = (
				7BF8DC3B28CF0214008471F8 /* Flix */,
				7BF8DC5128CF0214008471F8 /* FlixTests */,
				7BF8DC5B28CF0214008471F8 /* FlixUITests */,
			);
		};
/* End PBXProject section */

/* Begin PBXResourcesBuildPhase section */
		7BF8DC3A28CF0214008471F8 /* Resources */ = {
			isa = PBXResourcesBuildPhase;
			buildActionMask = 2147483647;
			files = (
				7BF8DC4C28CF0214008471F8 /* LaunchScreen.storyboard in Resources */,
				7BF8DC4928CF0214008471F8 /* Assets.xcassets in Resources */,
				7BF8DC4728CF0214008471F8 /* Main.storyboard in Resources */,
			);
			runOnlyForDeploymentPostprocessing = 0;
		};
		7BF8DC5028CF0214008471F8 /* Resources */ = {
			isa = PBXResourcesBuildPhase;
			buildActionMask = 2147483647;
			files = (
			);
			runOnlyForDeploymentPostprocessing = 0;
		};
		7BF8DC5A28CF0214008471F8 /* Resources */ = {
			isa = PBXResourcesBuildPhase;
			buildActionMask = 2147483647;
			files = (
			);
			runOnlyForDeploymentPostprocessing = 0;
		};
/* End PBXResourcesBuildPhase section */

/* Begin PBXShellScriptBuildPhase section */
		287D16CB1174349C69EEE03B /* [CP] Check Pods Manifest.lock */ = {
			isa = PBXShellScriptBuildPhase;
			buildActionMask = 2147483647;
			files = (
			);
			inputFileListPaths = (
			);
			inputPaths = (
				"${PODS_PODFILE_DIR_PATH}/Podfile.lock",
				"${PODS_ROOT}/Manifest.lock",
			);
			name = "[CP] Check Pods Manifest.lock";
			outputFileListPaths = (
			);
			outputPaths = (
				"$(DERIVED_FILE_DIR)/Pods-FlixTests-checkManifestLockResult.txt",
			);
			runOnlyForDeploymentPostprocessing = 0;
			shellPath = /bin/sh;
			shellScript = "diff \"${PODS_PODFILE_DIR_PATH}/Podfile.lock\" \"${PODS_ROOT}/Manifest.lock\" > /dev/null\nif [ $? != 0 ] ; then\n    # print error to STDERR\n    echo \"error: The sandbox is not in sync with the Podfile.lock. Run 'pod install' or update your CocoaPods installation.\" >&2\n    exit 1\nfi\n# This output is used by Xcode 'outputs' to avoid re-running this script phase.\necho \"SUCCESS\" > \"${SCRIPT_OUTPUT_FILE_0}\"\n";
			showEnvVarsInLog = 0;
		};
		321EADF9DE9F995BCCDA7213 /* [CP] Embed Pods Frameworks */ = {
			isa = PBXShellScriptBuildPhase;
			buildActionMask = 2147483647;
			files = (
			);
			inputFileListPaths = (
				"${PODS_ROOT}/Target Support Files/Pods-Flix/Pods-Flix-frameworks-${CONFIGURATION}-input-files.xcfilelist",
			);
			name = "[CP] Embed Pods Frameworks";
			outputFileListPaths = (
				"${PODS_ROOT}/Target Support Files/Pods-Flix/Pods-Flix-frameworks-${CONFIGURATION}-output-files.xcfilelist",
			);
			runOnlyForDeploymentPostprocessing = 0;
			shellPath = /bin/sh;
			shellScript = "\"${PODS_ROOT}/Target Support Files/Pods-Flix/Pods-Flix-frameworks.sh\"\n";
			showEnvVarsInLog = 0;
		};
		4B127DA30C860D1C19341C75 /* [CP] Check Pods Manifest.lock */ = {
			isa = PBXShellScriptBuildPhase;
			buildActionMask = 2147483647;
			files = (
			);
			inputFileListPaths = (
			);
			inputPaths = (
				"${PODS_PODFILE_DIR_PATH}/Podfile.lock",
				"${PODS_ROOT}/Manifest.lock",
			);
			name = "[CP] Check Pods Manifest.lock";
			outputFileListPaths = (
			);
			outputPaths = (
				"$(DERIVED_FILE_DIR)/Pods-Flix-checkManifestLockResult.txt",
			);
			runOnlyForDeploymentPostprocessing = 0;
			shellPath = /bin/sh;
			shellScript = "diff \"${PODS_PODFILE_DIR_PATH}/Podfile.lock\" \"${PODS_ROOT}/Manifest.lock\" > /dev/null\nif [ $? != 0 ] ; then\n    # print error to STDERR\n    echo \"error: The sandbox is not in sync with the Podfile.lock. Run 'pod install' or update your CocoaPods installation.\" >&2\n    exit 1\nfi\n# This output is used by Xcode 'outputs' to avoid re-running this script phase.\necho \"SUCCESS\" > \"${SCRIPT_OUTPUT_FILE_0}\"\n";
			showEnvVarsInLog = 0;
		};
		7FB679B5384194757AF43A2B /* [CP] Embed Pods Frameworks */ = {
			isa = PBXShellScriptBuildPhase;
			buildActionMask = 2147483647;
			files = (
			);
			inputFileListPaths = (
				"${PODS_ROOT}/Target Support Files/Pods-Flix-FlixUITests/Pods-Flix-FlixUITests-frameworks-${CONFIGURATION}-input-files.xcfilelist",
			);
			name = "[CP] Embed Pods Frameworks";
			outputFileListPaths = (
				"${PODS_ROOT}/Target Support Files/Pods-Flix-FlixUITests/Pods-Flix-FlixUITests-frameworks-${CONFIGURATION}-output-files.xcfilelist",
			);
			runOnlyForDeploymentPostprocessing = 0;
			shellPath = /bin/sh;
			shellScript = "\"${PODS_ROOT}/Target Support Files/Pods-Flix-FlixUITests/Pods-Flix-FlixUITests-frameworks.sh\"\n";
			showEnvVarsInLog = 0;
		};
		ADB2CDBB03730EA6876F3A9C /* [CP] Check Pods Manifest.lock */ = {
			isa = PBXShellScriptBuildPhase;
			buildActionMask = 2147483647;
			files = (
			);
			inputFileListPaths = (
			);
			inputPaths = (
				"${PODS_PODFILE_DIR_PATH}/Podfile.lock",
				"${PODS_ROOT}/Manifest.lock",
			);
			name = "[CP] Check Pods Manifest.lock";
			outputFileListPaths = (
			);
			outputPaths = (
				"$(DERIVED_FILE_DIR)/Pods-Flix-FlixUITests-checkManifestLockResult.txt",
			);
			runOnlyForDeploymentPostprocessing = 0;
			shellPath = /bin/sh;
			shellScript = "diff \"${PODS_PODFILE_DIR_PATH}/Podfile.lock\" \"${PODS_ROOT}/Manifest.lock\" > /dev/null\nif [ $? != 0 ] ; then\n    # print error to STDERR\n    echo \"error: The sandbox is not in sync with the Podfile.lock. Run 'pod install' or update your CocoaPods installation.\" >&2\n    exit 1\nfi\n# This output is used by Xcode 'outputs' to avoid re-running this script phase.\necho \"SUCCESS\" > \"${SCRIPT_OUTPUT_FILE_0}\"\n";
			showEnvVarsInLog = 0;
		};
/* End PBXShellScriptBuildPhase section */

/* Begin PBXSourcesBuildPhase section */
		7BF8DC3828CF0214008471F8 /* Sources */ = {
			isa = PBXSourcesBuildPhase;
			buildActionMask = 2147483647;
			files = (
				7B4BB6CE28DC8E870027AECE /* MovieGridDetailsViewController.swift in Sources */,
				7BF8DC4428CF0214008471F8 /* ViewController.swift in Sources */,
				7BF8DC4028CF0214008471F8 /* AppDelegate.swift in Sources */,
				7B6F2EAF28DA22B200E7FE4A /* MovieDetailsViewController.swift in Sources */,
				7BF8DC4228CF0214008471F8 /* SceneDelegate.swift in Sources */,
				7B4BB6D028DCAC260027AECE /* TrailerWebViewController.swift in Sources */,
				7B6F2EB328DBE5EE00E7FE4A /* MovieGridCell.swift in Sources */,
				7B6F2EB128DB809700E7FE4A /* MoviesGridViewController.swift in Sources */,
				7BF8DC7228CFC9EA008471F8 /* MovieCell.swift in Sources */,
				7BF8DC7028CF9A38008471F8 /* MoviesViewController.swift in Sources */,
			);
			runOnlyForDeploymentPostprocessing = 0;
		};
		7BF8DC4E28CF0214008471F8 /* Sources */ = {
			isa = PBXSourcesBuildPhase;
			buildActionMask = 2147483647;
			files = (
				7BF8DC5728CF0214008471F8 /* FlixTests.swift in Sources */,
			);
			runOnlyForDeploymentPostprocessing = 0;
		};
		7BF8DC5828CF0214008471F8 /* Sources */ = {
			isa = PBXSourcesBuildPhase;
			buildActionMask = 2147483647;
			files = (
				7BF8DC6128CF0214008471F8 /* FlixUITests.swift in Sources */,
				7BF8DC6328CF0214008471F8 /* FlixUITestsLaunchTests.swift in Sources */,
			);
			runOnlyForDeploymentPostprocessing = 0;
		};
/* End PBXSourcesBuildPhase section */

/* Begin PBXTargetDependency section */
		7BF8DC5428CF0214008471F8 /* PBXTargetDependency */ = {
			isa = PBXTargetDependency;
			target = 7BF8DC3B28CF0214008471F8 /* Flix */;
			targetProxy = 7BF8DC5328CF0214008471F8 /* PBXContainerItemProxy */;
		};
		7BF8DC5E28CF0214008471F8 /* PBXTargetDependency */ = {
			isa = PBXTargetDependency;
			target = 7BF8DC3B28CF0214008471F8 /* Flix */;
			targetProxy = 7BF8DC5D28CF0214008471F8 /* PBXContainerItemProxy */;
		};
/* End PBXTargetDependency section */

/* Begin PBXVariantGroup section */
		7BF8DC4528CF0214008471F8 /* Main.storyboard */ = {
			isa = PBXVariantGroup;
			children = (
				7BF8DC4628CF0214008471F8 /* Base */,
			);
			name = Main.storyboard;
			sourceTree = "<group>";
		};
		7BF8DC4A28CF0214008471F8 /* LaunchScreen.storyboard */ = {
			isa = PBXVariantGroup;
			children = (
				7BF8DC4B28CF0214008471F8 /* Base */,
			);
			name = LaunchScreen.storyboard;
			sourceTree = "<group>";
		};
/* End PBXVariantGroup section */

/* Begin XCBuildConfiguration section */
		7BF8DC6428CF0214008471F8 /* Debug */ = {
			isa = XCBuildConfiguration;
			buildSettings = {
				ALWAYS_SEARCH_USER_PATHS = NO;
				CLANG_ANALYZER_NONNULL = YES;
				CLANG_ANALYZER_NUMBER_OBJECT_CONVERSION = YES_AGGRESSIVE;
				CLANG_CXX_LANGUAGE_STANDARD = "gnu++17";
				CLANG_ENABLE_MODULES = YES;
				CLANG_ENABLE_OBJC_ARC = YES;
				CLANG_ENABLE_OBJC_WEAK = YES;
				CLANG_WARN_BLOCK_CAPTURE_AUTORELEASING = YES;
				CLANG_WARN_BOOL_CONVERSION = YES;
				CLANG_WARN_COMMA = YES;
				CLANG_WARN_CONSTANT_CONVERSION = YES;
				CLANG_WARN_DEPRECATED_OBJC_IMPLEMENTATIONS = YES;
				CLANG_WARN_DIRECT_OBJC_ISA_USAGE = YES_ERROR;
				CLANG_WARN_DOCUMENTATION_COMMENTS = YES;
				CLANG_WARN_EMPTY_BODY = YES;
				CLANG_WARN_ENUM_CONVERSION = YES;
				CLANG_WARN_INFINITE_RECURSION = YES;
				CLANG_WARN_INT_CONVERSION = YES;
				CLANG_WARN_NON_LITERAL_NULL_CONVERSION = YES;
				CLANG_WARN_OBJC_IMPLICIT_RETAIN_SELF = YES;
				CLANG_WARN_OBJC_LITERAL_CONVERSION = YES;
				CLANG_WARN_OBJC_ROOT_CLASS = YES_ERROR;
				CLANG_WARN_QUOTED_INCLUDE_IN_FRAMEWORK_HEADER = YES;
				CLANG_WARN_RANGE_LOOP_ANALYSIS = YES;
				CLANG_WARN_STRICT_PROTOTYPES = YES;
				CLANG_WARN_SUSPICIOUS_MOVE = YES;
				CLANG_WARN_UNGUARDED_AVAILABILITY = YES_AGGRESSIVE;
				CLANG_WARN_UNREACHABLE_CODE = YES;
				CLANG_WARN__DUPLICATE_METHOD_MATCH = YES;
				COPY_PHASE_STRIP = NO;
				DEBUG_INFORMATION_FORMAT = dwarf;
				ENABLE_STRICT_OBJC_MSGSEND = YES;
				ENABLE_TESTABILITY = YES;
				GCC_C_LANGUAGE_STANDARD = gnu11;
				GCC_DYNAMIC_NO_PIC = NO;
				GCC_NO_COMMON_BLOCKS = YES;
				GCC_OPTIMIZATION_LEVEL = 0;
				GCC_PREPROCESSOR_DEFINITIONS = (
					"DEBUG=1",
					"$(inherited)",
				);
				GCC_WARN_64_TO_32_BIT_CONVERSION = YES;
				GCC_WARN_ABOUT_RETURN_TYPE = YES_ERROR;
				GCC_WARN_UNDECLARED_SELECTOR = YES;
				GCC_WARN_UNINITIALIZED_AUTOS = YES_AGGRESSIVE;
				GCC_WARN_UNUSED_FUNCTION = YES;
				GCC_WARN_UNUSED_VARIABLE = YES;
				IPHONEOS_DEPLOYMENT_TARGET = 15.5;
				MTL_ENABLE_DEBUG_INFO = INCLUDE_SOURCE;
				MTL_FAST_MATH = YES;
				ONLY_ACTIVE_ARCH = YES;
				SDKROOT = iphoneos;
				SWIFT_ACTIVE_COMPILATION_CONDITIONS = DEBUG;
				SWIFT_OPTIMIZATION_LEVEL = "-Onone";
			};
			name = Debug;
		};
		7BF8DC6528CF0214008471F8 /* Release */ = {
			isa = XCBuildConfiguration;
			buildSettings = {
				ALWAYS_SEARCH_USER_PATHS = NO;
				CLANG_ANALYZER_NONNULL = YES;
				CLANG_ANALYZER_NUMBER_OBJECT_CONVERSION = YES_AGGRESSIVE;
				CLANG_CXX_LANGUAGE_STANDARD = "gnu++17";
				CLANG_ENABLE_MODULES = YES;
				CLANG_ENABLE_OBJC_ARC = YES;
				CLANG_ENABLE_OBJC_WEAK = YES;
				CLANG_WARN_BLOCK_CAPTURE_AUTORELEASING = YES;
				CLANG_WARN_BOOL_CONVERSION = YES;
				CLANG_WARN_COMMA = YES;
				CLANG_WARN_CONSTANT_CONVERSION = YES;
				CLANG_WARN_DEPRECATED_OBJC_IMPLEMENTATIONS = YES;
				CLANG_WARN_DIRECT_OBJC_ISA_USAGE = YES_ERROR;
				CLANG_WARN_DOCUMENTATION_COMMENTS = YES;
				CLANG_WARN_EMPTY_BODY = YES;
				CLANG_WARN_ENUM_CONVERSION = YES;
				CLANG_WARN_INFINITE_RECURSION = YES;
				CLANG_WARN_INT_CONVERSION = YES;
				CLANG_WARN_NON_LITERAL_NULL_CONVERSION = YES;
				CLANG_WARN_OBJC_IMPLICIT_RETAIN_SELF = YES;
				CLANG_WARN_OBJC_LITERAL_CONVERSION = YES;
				CLANG_WARN_OBJC_ROOT_CLASS = YES_ERROR;
				CLANG_WARN_QUOTED_INCLUDE_IN_FRAMEWORK_HEADER = YES;
				CLANG_WARN_RANGE_LOOP_ANALYSIS = YES;
				CLANG_WARN_STRICT_PROTOTYPES = YES;
				CLANG_WARN_SUSPICIOUS_MOVE = YES;
				CLANG_WARN_UNGUARDED_AVAILABILITY = YES_AGGRESSIVE;
				CLANG_WARN_UNREACHABLE_CODE = YES;
				CLANG_WARN__DUPLICATE_METHOD_MATCH = YES;
				COPY_PHASE_STRIP = NO;
				DEBUG_INFORMATION_FORMAT = "dwarf-with-dsym";
				ENABLE_NS_ASSERTIONS = NO;
				ENABLE_STRICT_OBJC_MSGSEND = YES;
				GCC_C_LANGUAGE_STANDARD = gnu11;
				GCC_NO_COMMON_BLOCKS = YES;
				GCC_WARN_64_TO_32_BIT_CONVERSION = YES;
				GCC_WARN_ABOUT_RETURN_TYPE = YES_ERROR;
				GCC_WARN_UNDECLARED_SELECTOR = YES;
				GCC_WARN_UNINITIALIZED_AUTOS = YES_AGGRESSIVE;
				GCC_WARN_UNUSED_FUNCTION = YES;
				GCC_WARN_UNUSED_VARIABLE = YES;
				IPHONEOS_DEPLOYMENT_TARGET = 15.5;
				MTL_ENABLE_DEBUG_INFO = NO;
				MTL_FAST_MATH = YES;
				SDKROOT = iphoneos;
				SWIFT_COMPILATION_MODE = wholemodule;
				SWIFT_OPTIMIZATION_LEVEL = "-O";
				VALIDATE_PRODUCT = YES;
			};
			name = Release;
		};
		7BF8DC6728CF0214008471F8 /* Debug */ = {
			isa = XCBuildConfiguration;
			baseConfigurationReference = 35008A068F084DF805589398 /* Pods-Flix.debug.xcconfig */;
			buildSettings = {
				ASSETCATALOG_COMPILER_APPICON_NAME = AppIcon;
				ASSETCATALOG_COMPILER_GLOBAL_ACCENT_COLOR_NAME = AccentColor;
				CODE_SIGN_STYLE = Automatic;
				CURRENT_PROJECT_VERSION = 1;
				DEVELOPMENT_TEAM = D8C2G778X3;
				GENERATE_INFOPLIST_FILE = YES;
				INFOPLIST_FILE = Flix/Info.plist;
				INFOPLIST_KEY_UIApplicationSupportsIndirectInputEvents = YES;
				INFOPLIST_KEY_UILaunchStoryboardName = LaunchScreen;
				INFOPLIST_KEY_UIMainStoryboardFile = Main;
				INFOPLIST_KEY_UISupportedInterfaceOrientations_iPad = "UIInterfaceOrientationPortrait UIInterfaceOrientationPortraitUpsideDown UIInterfaceOrientationLandscapeLeft UIInterfaceOrientationLandscapeRight";
				INFOPLIST_KEY_UISupportedInterfaceOrientations_iPhone = "UIInterfaceOrientationPortrait UIInterfaceOrientationLandscapeLeft UIInterfaceOrientationLandscapeRight";
				LD_RUNPATH_SEARCH_PATHS = (
					"$(inherited)",
					"@executable_path/Frameworks",
				);
				MARKETING_VERSION = 1.0;
				PRODUCT_BUNDLE_IDENTIFIER = com.lurrego.Flix;
				PRODUCT_NAME = "$(TARGET_NAME)";
				SWIFT_EMIT_LOC_STRINGS = YES;
				SWIFT_VERSION = 5.0;
				TARGETED_DEVICE_FAMILY = "1,2";
			};
			name = Debug;
		};
		7BF8DC6828CF0214008471F8 /* Release */ = {
			isa = XCBuildConfiguration;
			baseConfigurationReference = B9F3C1125866D363A0532F47 /* Pods-Flix.release.xcconfig */;
			buildSettings = {
				ASSETCATALOG_COMPILER_APPICON_NAME = AppIcon;
				ASSETCATALOG_COMPILER_GLOBAL_ACCENT_COLOR_NAME = AccentColor;
				CODE_SIGN_STYLE = Automatic;
				CURRENT_PROJECT_VERSION = 1;
				DEVELOPMENT_TEAM = D8C2G778X3;
				GENERATE_INFOPLIST_FILE = YES;
				INFOPLIST_FILE = Flix/Info.plist;
				INFOPLIST_KEY_UIApplicationSupportsIndirectInputEvents = YES;
				INFOPLIST_KEY_UILaunchStoryboardName = LaunchScreen;
				INFOPLIST_KEY_UIMainStoryboardFile = Main;
				INFOPLIST_KEY_UISupportedInterfaceOrientations_iPad = "UIInterfaceOrientationPortrait UIInterfaceOrientationPortraitUpsideDown UIInterfaceOrientationLandscapeLeft UIInterfaceOrientationLandscapeRight";
				INFOPLIST_KEY_UISupportedInterfaceOrientations_iPhone = "UIInterfaceOrientationPortrait UIInterfaceOrientationLandscapeLeft UIInterfaceOrientationLandscapeRight";
				LD_RUNPATH_SEARCH_PATHS = (
					"$(inherited)",
					"@executable_path/Frameworks",
				);
				MARKETING_VERSION = 1.0;
				PRODUCT_BUNDLE_IDENTIFIER = com.lurrego.Flix;
				PRODUCT_NAME = "$(TARGET_NAME)";
				SWIFT_EMIT_LOC_STRINGS = YES;
				SWIFT_VERSION = 5.0;
				TARGETED_DEVICE_FAMILY = "1,2";
			};
			name = Release;
		};
		7BF8DC6A28CF0214008471F8 /* Debug */ = {
			isa = XCBuildConfiguration;
			baseConfigurationReference = 81F275B3A73FC22A31C6CC18 /* Pods-FlixTests.debug.xcconfig */;
			buildSettings = {
				ALWAYS_EMBED_SWIFT_STANDARD_LIBRARIES = YES;
				BUNDLE_LOADER = "$(TEST_HOST)";
				CODE_SIGN_STYLE = Automatic;
				CURRENT_PROJECT_VERSION = 1;
				DEVELOPMENT_TEAM = D8C2G778X3;
				GENERATE_INFOPLIST_FILE = YES;
				IPHONEOS_DEPLOYMENT_TARGET = 15.5;
				MARKETING_VERSION = 1.0;
				PRODUCT_BUNDLE_IDENTIFIER = com.lurrego.FlixTests;
				PRODUCT_NAME = "$(TARGET_NAME)";
				SWIFT_EMIT_LOC_STRINGS = NO;
				SWIFT_VERSION = 5.0;
				TARGETED_DEVICE_FAMILY = "1,2";
				TEST_HOST = "$(BUILT_PRODUCTS_DIR)/Flix.app/Flix";
			};
			name = Debug;
		};
		7BF8DC6B28CF0214008471F8 /* Release */ = {
			isa = XCBuildConfiguration;
			baseConfigurationReference = 680973689A939293301EC548 /* Pods-FlixTests.release.xcconfig */;
			buildSettings = {
				ALWAYS_EMBED_SWIFT_STANDARD_LIBRARIES = YES;
				BUNDLE_LOADER = "$(TEST_HOST)";
				CODE_SIGN_STYLE = Automatic;
				CURRENT_PROJECT_VERSION = 1;
				DEVELOPMENT_TEAM = D8C2G778X3;
				GENERATE_INFOPLIST_FILE = YES;
				IPHONEOS_DEPLOYMENT_TARGET = 15.5;
				MARKETING_VERSION = 1.0;
				PRODUCT_BUNDLE_IDENTIFIER = com.lurrego.FlixTests;
				PRODUCT_NAME = "$(TARGET_NAME)";
				SWIFT_EMIT_LOC_STRINGS = NO;
				SWIFT_VERSION = 5.0;
				TARGETED_DEVICE_FAMILY = "1,2";
				TEST_HOST = "$(BUILT_PRODUCTS_DIR)/Flix.app/Flix";
			};
			name = Release;
		};
		7BF8DC6D28CF0214008471F8 /* Debug */ = {
			isa = XCBuildConfiguration;
			baseConfigurationReference = D5C355BB3A5354EC90ED80BC /* Pods-Flix-FlixUITests.debug.xcconfig */;
			buildSettings = {
				ALWAYS_EMBED_SWIFT_STANDARD_LIBRARIES = YES;
				CODE_SIGN_STYLE = Automatic;
				CURRENT_PROJECT_VERSION = 1;
				DEVELOPMENT_TEAM = D8C2G778X3;
				GENERATE_INFOPLIST_FILE = YES;
				MARKETING_VERSION = 1.0;
				PRODUCT_BUNDLE_IDENTIFIER = com.lurrego.FlixUITests;
				PRODUCT_NAME = "$(TARGET_NAME)";
				SWIFT_EMIT_LOC_STRINGS = NO;
				SWIFT_VERSION = 5.0;
				TARGETED_DEVICE_FAMILY = "1,2";
				TEST_TARGET_NAME = Flix;
			};
			name = Debug;
		};
		7BF8DC6E28CF0214008471F8 /* Release */ = {
			isa = XCBuildConfiguration;
			baseConfigurationReference = 35AE021DB67312B9EFEE5E2E /* Pods-Flix-FlixUITests.release.xcconfig */;
			buildSettings = {
				ALWAYS_EMBED_SWIFT_STANDARD_LIBRARIES = YES;
				CODE_SIGN_STYLE = Automatic;
				CURRENT_PROJECT_VERSION = 1;
				DEVELOPMENT_TEAM = D8C2G778X3;
				GENERATE_INFOPLIST_FILE = YES;
				MARKETING_VERSION = 1.0;
				PRODUCT_BUNDLE_IDENTIFIER = com.lurrego.FlixUITests;
				PRODUCT_NAME = "$(TARGET_NAME)";
				SWIFT_EMIT_LOC_STRINGS = NO;
				SWIFT_VERSION = 5.0;
				TARGETED_DEVICE_FAMILY = "1,2";
				TEST_TARGET_NAME = Flix;
			};
			name = Release;
		};
/* End XCBuildConfiguration section */

/* Begin XCConfigurationList section */
		7BF8DC3728CF0214008471F8 /* Build configuration list for PBXProject "Flix" */ = {
			isa = XCConfigurationList;
			buildConfigurations = (
				7BF8DC6428CF0214008471F8 /* Debug */,
				7BF8DC6528CF0214008471F8 /* Release */,
			);
			defaultConfigurationIsVisible = 0;
			defaultConfigurationName = Release;
		};
		7BF8DC6628CF0214008471F8 /* Build configuration list for PBXNativeTarget "Flix" */ = {
			isa = XCConfigurationList;
			buildConfigurations = (
				7BF8DC6728CF0214008471F8 /* Debug */,
				7BF8DC6828CF0214008471F8 /* Release */,
			);
			defaultConfigurationIsVisible = 0;
			defaultConfigurationName = Release;
		};
		7BF8DC6928CF0214008471F8 /* Build configuration list for PBXNativeTarget "FlixTests" */ = {
			isa = XCConfigurationList;
			buildConfigurations = (
				7BF8DC6A28CF0214008471F8 /* Debug */,
				7BF8DC6B28CF0214008471F8 /* Release */,
			);
			defaultConfigurationIsVisible = 0;
			defaultConfigurationName = Release;
		};
		7BF8DC6C28CF0214008471F8 /* Build configuration list for PBXNativeTarget "FlixUITests" */ = {
			isa = XCConfigurationList;
			buildConfigurations = (
				7BF8DC6D28CF0214008471F8 /* Debug */,
				7BF8DC6E28CF0214008471F8 /* Release */,
			);
			defaultConfigurationIsVisible = 0;
			defaultConfigurationName = Release;
		};
/* End XCConfigurationList section */

/* Begin XCRemoteSwiftPackageReference section */
		7BF8DC7328CFD3D5008471F8 /* XCRemoteSwiftPackageReference "AlamofireImage" */ = {
			isa = XCRemoteSwiftPackageReference;
			repositoryURL = "https://github.com/Alamofire/AlamofireImage";
			requirement = {
				kind = upToNextMajorVersion;
				minimumVersion = 4.0.0;
			};
		};
/* End XCRemoteSwiftPackageReference section */

/* Begin XCSwiftPackageProductDependency section */
		7BF8DC7428CFD3D5008471F8 /* AlamofireImage */ = {
			isa = XCSwiftPackageProductDependency;
			package = 7BF8DC7328CFD3D5008471F8 /* XCRemoteSwiftPackageReference "AlamofireImage" */;
			productName = AlamofireImage;
		};
/* End XCSwiftPackageProductDependency section */
	};
	rootObject = 7BF8DC3428CF0214008471F8 /* Project object */;
}
